
Microsoft Visual Studio Solution File, Format Version 12.00
# Visual Studio Version 17
VisualStudioVersion = 17.14.36310.24 d17.14
MinimumVisualStudioVersion = 10.0.40219.1
Project("{FAE04EC0-301F-11D3-BF4B-00C04F79EFBC}") = "ProductsApplication.Models", "ProductsApplication.Models\ProductsApplication.Models.csproj", "{414DC026-E433-46EA-8F3C-E5FD4CA16AE9}"
EndProject
Project("{FAE04EC0-301F-11D3-BF4B-00C04F79EFBC}") = "ProductsApplication.API", "ProductsApplication.API\ProductsApplication.API.csproj", "{1A6A386F-445C-4139-87F6-A8FD7A35E021}"
EndProject
Global
	GlobalSection(SolutionConfigurationPlatforms) = preSolution
		Debug|Any CPU = Debug|Any CPU
		Release|Any CPU = Release|Any CPU
	EndGlobalSection
	GlobalSection(ProjectConfigurationPlatforms) = postSolution
		{414DC026-E433-46EA-8F3C-E5FD4CA16AE9}.Debug|Any CPU.ActiveCfg = Debug|Any CPU
		{414DC026-E433-46EA-8F3C-E5FD4CA16AE9}.Debug|Any CPU.Build.0 = Debug|Any CPU
		{414DC026-E433-46EA-8F3C-E5FD4CA16AE9}.Release|Any CPU.ActiveCfg = Release|Any CPU
		{414DC026-E433-46EA-8F3C-E5FD4CA16AE9}.Release|Any CPU.Build.0 = Release|Any CPU
		{1A6A386F-445C-4139-87F6-A8FD7A35E021}.Debug|Any CPU.ActiveCfg = Debug|Any CPU
		{1A6A386F-445C-4139-87F6-A8FD7A35E021}.Debug|Any CPU.Build.0 = Debug|Any CPU
		{1A6A386F-445C-4139-87F6-A8FD7A35E021}.Release|Any CPU.ActiveCfg = Release|Any CPU
		{1A6A386F-445C-4139-87F6-A8FD7A35E021}.Release|Any CPU.Build.0 = Release|Any CPU
	EndGlobalSection
	GlobalSection(SolutionProperties) = preSolution
		HideSolutionNode = FALSE
	EndGlobalSection
	GlobalSection(ExtensibilityGlobals) = postSolution
		SolutionGuid = {BEB60757-B403-48FB-958D-68EC9F61EFBF}
	EndGlobalSection
EndGlobal
